{
  "name": "@aux4/db",
  "version": "1.0.18",
  "lockfileVersion": 2,
  "requires": true,
  "packages": {
    "": {
      "name": "@aux4/db",
      "version": "1.0.18",
      "license": "Apache-2.0",
      "dependencies": {
        "@aux4/config": "^1.0.3",
        "@aux4/engine": "^1.0.38",
        "JSONStream": "^1.3.5"
      },
      "bin": {
        "db": "bin/executable.js"
      }
    },
    "../db-mssql": {
      "name": "@aux4/db-mssql",
      "version": "1.0.1",
      "extraneous": true,
      "license": "Apache-2.0",
      "dependencies": {
        "merge": "^2.1.1",
        "mssql": "^9.1.1"
      }
    },
    "../db-postgres": {
      "name": "@aux4/db-postgres",
      "version": "1.0.6",
      "extraneous": true,
      "license": "Apache-2.0",
      "dependencies": {
        "merge": "^2.1.1",
        "pg": "^8.11.0",
        "pg-query-stream": "^4.5.0"
      }
    },
    "node_modules/@aux4/config": {
      "version": "1.0.3",
      "resolved": "https://registry.npmjs.org/@aux4/config/-/config-1.0.3.tgz",
      "integrity": "sha512-7IwQBlK06HAADbH6AgX30j1IRWwd5ljwbgZH5ouUPMFt9QmlueVdBkfdWynZIvpx41dXB8Q3z+rgv1moSdontA==",
      "dependencies": {
        "@aux4/engine": "^1.0.34",
        "colors": "^1.4.0",
        "js-yaml": "^4.1.0",
        "merge": "^2.1.1"
      },
      "bin": {
        "aux4-config": "bin/executable.js"
      }
    },
    "node_modules/@aux4/engine": {
      "version": "1.0.38",
      "resolved": "https://registry.npmjs.org/@aux4/engine/-/engine-1.0.38.tgz",
      "integrity": "sha512-w01gZVjt4UkgDveD9/e6xyNN7gKbaBZGbzpKm+slKan6r/0x3e48lAF2e+WKq1nuTCUoJgrwLFaZGokdcK0W+w==",
      "dependencies": {
        "cli-select-2": "^2.0.0",
        "colors": "^1.4.0"
      },
      "funding": {
        "url": "https://aux4.io/donate"
      }
    },
    "node_modules/ansi-escapes": {
      "version": "3.2.0",
      "resolved": "https://registry.npmjs.org/ansi-escapes/-/ansi-escapes-3.2.0.tgz",
      "integrity": "sha512-cBhpre4ma+U0T1oM5fXg7Dy1Jw7zzwv7lt/GoCpr+hDQJoYnKVPLL4dCvSEFMmQurOQvSrwT7SL/DAlhBI97RQ==",
      "engines": {
        "node": ">=4"
      }
    },
    "node_modules/argparse": {
      "version": "2.0.1",
      "resolved": "https://registry.npmjs.org/argparse/-/argparse-2.0.1.tgz",
      "integrity": "sha512-8+9WqebbFzpX9OR+Wa6O29asIogeRMzcGtAINdpMHHyAg10f05aSFVBbcEqGf/PXw1EjAZ+q2/bEBg3DvurK3Q=="
    },
    "node_modules/cli-select-2": {
      "version": "2.0.0",
      "resolved": "https://registry.npmjs.org/cli-select-2/-/cli-select-2-2.0.0.tgz",
      "integrity": "sha512-VFPpihAgfj/lrljBPXPnzXRuPNguzEfbNjOsFeooeAs1RUc73z9ivb8XzGVT9IOHbcbajqR9sZo9Ba5sAG3lPg==",
      "dependencies": {
        "ansi-escapes": "^3.2.0"
      }
    },
    "node_modules/colors": {
      "version": "1.4.0",
      "resolved": "https://registry.npmjs.org/colors/-/colors-1.4.0.tgz",
      "integrity": "sha512-a+UqTh4kgZg/SlGvfbzDHpgRu7AAQOmmqRHJnxhRZICKFUT91brVhNNt58CMWU9PsBbv3PDCZUHbVxuDiH2mtA==",
      "engines": {
        "node": ">=0.1.90"
      }
    },
    "node_modules/js-yaml": {
      "version": "4.1.0",
      "resolved": "https://registry.npmjs.org/js-yaml/-/js-yaml-4.1.0.tgz",
      "integrity": "sha512-wpxZs9NoxZaJESJGIZTyDEaYpl0FKSA+FB9aJiyemKhMwkxQg63h4T1KJgUGHpTqPDNRcmmYLugrRjJlBtWvRA==",
      "dependencies": {
        "argparse": "^2.0.1"
      },
      "bin": {
        "js-yaml": "bin/js-yaml.js"
      }
    },
    "node_modules/jsonparse": {
      "version": "1.3.1",
      "resolved": "https://registry.npmjs.org/jsonparse/-/jsonparse-1.3.1.tgz",
      "integrity": "sha512-POQXvpdL69+CluYsillJ7SUhKvytYjW9vG/GKpnf+xP8UWgYEM/RaMzHHofbALDiKbbP1W8UEYmgGl39WkPZsg==",
      "engines": [
        "node >= 0.2.0"
      ]
    },
    "node_modules/JSONStream": {
      "version": "1.3.5",
      "resolved": "https://registry.npmjs.org/JSONStream/-/JSONStream-1.3.5.tgz",
      "integrity": "sha512-E+iruNOY8VV9s4JEbe1aNEm6MiszPRr/UfcHMz0TQh1BXSxHK+ASV1R6W4HpjBhSeS+54PIsAMCBmwD06LLsqQ==",
      "dependencies": {
        "jsonparse": "^1.2.0",
        "through": ">=2.2.7 <3"
      },
      "bin": {
        "JSONStream": "bin.js"
      },
      "engines": {
        "node": "*"
      }
    },
    "node_modules/merge": {
      "version": "2.1.1",
      "resolved": "https://registry.npmjs.org/merge/-/merge-2.1.1.tgz",
      "integrity": "sha512-jz+Cfrg9GWOZbQAnDQ4hlVnQky+341Yk5ru8bZSe6sIDTCIg8n9i/u7hSQGSVOF3C7lH6mGtqjkiT9G4wFLL0w=="
    },
    "node_modules/through": {
      "version": "2.3.8",
      "resolved": "https://registry.npmjs.org/through/-/through-2.3.8.tgz",
      "integrity": "sha512-w89qg7PI8wAdvX60bMDP+bFoD5Dvhm9oLheFp5O4a2QF0cSBGsBX4qZmadPMvVqlLJBBci+WqGGOAPvcDeNSVg=="
    }
  },
  "dependencies": {
    "@aux4/config": {
      "version": "1.0.3",
      "resolved": "https://registry.npmjs.org/@aux4/config/-/config-1.0.3.tgz",
      "integrity": "sha512-7IwQBlK06HAADbH6AgX30j1IRWwd5ljwbgZH5ouUPMFt9QmlueVdBkfdWynZIvpx41dXB8Q3z+rgv1moSdontA==",
      "requires": {
        "@aux4/engine": "^1.0.34",
        "colors": "^1.4.0",
        "js-yaml": "^4.1.0",
        "merge": "^2.1.1"
      }
    },
    "@aux4/engine": {
      "version": "1.0.38",
      "resolved": "https://registry.npmjs.org/@aux4/engine/-/engine-1.0.38.tgz",
      "integrity": "sha512-w01gZVjt4UkgDveD9/e6xyNN7gKbaBZGbzpKm+slKan6r/0x3e48lAF2e+WKq1nuTCUoJgrwLFaZGokdcK0W+w==",
      "requires": {
        "cli-select-2": "^2.0.0",
        "colors": "^1.4.0"
      }
    },
    "ansi-escapes": {
      "version": "3.2.0",
      "resolved": "https://registry.npmjs.org/ansi-escapes/-/ansi-escapes-3.2.0.tgz",
      "integrity": "sha512-cBhpre4ma+U0T1oM5fXg7Dy1Jw7zzwv7lt/GoCpr+hDQJoYnKVPLL4dCvSEFMmQurOQvSrwT7SL/DAlhBI97RQ=="
    },
    "argparse": {
      "version": "2.0.1",
      "resolved": "https://registry.npmjs.org/argparse/-/argparse-2.0.1.tgz",
      "integrity": "sha512-8+9WqebbFzpX9OR+Wa6O29asIogeRMzcGtAINdpMHHyAg10f05aSFVBbcEqGf/PXw1EjAZ+q2/bEBg3DvurK3Q=="
    },
    "cli-select-2": {
      "version": "2.0.0",
      "resolved": "https://registry.npmjs.org/cli-select-2/-/cli-select-2-2.0.0.tgz",
      "integrity": "sha512-VFPpihAgfj/lrljBPXPnzXRuPNguzEfbNjOsFeooeAs1RUc73z9ivb8XzGVT9IOHbcbajqR9sZo9Ba5sAG3lPg==",
      "requires": {
        "ansi-escapes": "^3.2.0"
      }
    },
    "colors": {
      "version": "1.4.0",
      "resolved": "https://registry.npmjs.org/colors/-/colors-1.4.0.tgz",
      "integrity": "sha512-a+UqTh4kgZg/SlGvfbzDHpgRu7AAQOmmqRHJnxhRZICKFUT91brVhNNt58CMWU9PsBbv3PDCZUHbVxuDiH2mtA=="
    },
    "js-yaml": {
      "version": "4.1.0",
      "resolved": "https://registry.npmjs.org/js-yaml/-/js-yaml-4.1.0.tgz",
      "integrity": "sha512-wpxZs9NoxZaJESJGIZTyDEaYpl0FKSA+FB9aJiyemKhMwkxQg63h4T1KJgUGHpTqPDNRcmmYLugrRjJlBtWvRA==",
      "requires": {
        "argparse": "^2.0.1"
      }
    },
    "jsonparse": {
      "version": "1.3.1",
      "resolved": "https://registry.npmjs.org/jsonparse/-/jsonparse-1.3.1.tgz",
      "integrity": "sha512-POQXvpdL69+CluYsillJ7SUhKvytYjW9vG/GKpnf+xP8UWgYEM/RaMzHHofbALDiKbbP1W8UEYmgGl39WkPZsg=="
    },
    "JSONStream": {
      "version": "1.3.5",
      "resolved": "https://registry.npmjs.org/JSONStream/-/JSONStream-1.3.5.tgz",
      "integrity": "sha512-E+iruNOY8VV9s4JEbe1aNEm6MiszPRr/UfcHMz0TQh1BXSxHK+ASV1R6W4HpjBhSeS+54PIsAMCBmwD06LLsqQ==",
      "requires": {
        "jsonparse": "^1.2.0",
        "through": ">=2.2.7 <3"
      }
    },
    "merge": {
      "version": "2.1.1",
      "resolved": "https://registry.npmjs.org/merge/-/merge-2.1.1.tgz",
      "integrity": "sha512-jz+Cfrg9GWOZbQAnDQ4hlVnQky+341Yk5ru8bZSe6sIDTCIg8n9i/u7hSQGSVOF3C7lH6mGtqjkiT9G4wFLL0w=="
    },
    "through": {
      "version": "2.3.8",
      "resolved": "https://registry.npmjs.org/through/-/through-2.3.8.tgz",
      "integrity": "sha512-w89qg7PI8wAdvX60bMDP+bFoD5Dvhm9oLheFp5O4a2QF0cSBGsBX4qZmadPMvVqlLJBBci+WqGGOAPvcDeNSVg=="
    }
  }
}
